
Microsoft Visual Studio Solution File, Format Version 12.00
# Visual Studio Version 16
VisualStudioVersion = 16.0.29509.3
MinimumVisualStudioVersion = 10.0.40219.1
Project("{9A19103F-16F7-4668-BE54-9A1E7A4F7556}") = "GNB.Domain", "GNB.Domain\GNB.Domain.csproj", "{D39C0265-D550-4CB8-8D0B-A1DEA3AC3151}"
EndProject
Project("{9A19103F-16F7-4668-BE54-9A1E7A4F7556}") = "GNB.Infrastructure", "GNB.Infrastructure\GNB.Infrastructure.csproj", "{9B55585E-AD97-43C9-9BA4-F395CC77E1D5}"
EndProject
Project("{9A19103F-16F7-4668-BE54-9A1E7A4F7556}") = "GNB.Core", "GNB.Core\GNB.Core.csproj", "{D280FD5F-7F9E-4954-8042-D40EC3B3E26F}"
EndProject
Project("{9A19103F-16F7-4668-BE54-9A1E7A4F7556}") = "GNB.ProductManager.Tests", "GNB.ProductManager.Tests\GNB.ProductManager.Tests.csproj", "{0C206EA9-E16D-4ED9-903E-8791ED9871D6}"
EndProject
Project("{FAE04EC0-301F-11D3-BF4B-00C04F79EFBC}") = "GNB.ProductManager", "GNB.ProductManager\GNB.ProductManager.csproj", "{D238737C-61DA-4412-B7AE-F0596D2AA330}"
EndProject
Global
	GlobalSection(SolutionConfigurationPlatforms) = preSolution
		Debug|Any CPU = Debug|Any CPU
		Release|Any CPU = Release|Any CPU
	EndGlobalSection
	GlobalSection(ProjectConfigurationPlatforms) = postSolution
		{D39C0265-D550-4CB8-8D0B-A1DEA3AC3151}.Debug|Any CPU.ActiveCfg = Debug|Any CPU
		{D39C0265-D550-4CB8-8D0B-A1DEA3AC3151}.Debug|Any CPU.Build.0 = Debug|Any CPU
		{D39C0265-D550-4CB8-8D0B-A1DEA3AC3151}.Release|Any CPU.ActiveCfg = Release|Any CPU
		{D39C0265-D550-4CB8-8D0B-A1DEA3AC3151}.Release|Any CPU.Build.0 = Release|Any CPU
		{9B55585E-AD97-43C9-9BA4-F395CC77E1D5}.Debug|Any CPU.ActiveCfg = Debug|Any CPU
		{9B55585E-AD97-43C9-9BA4-F395CC77E1D5}.Debug|Any CPU.Build.0 = Debug|Any CPU
		{9B55585E-AD97-43C9-9BA4-F395CC77E1D5}.Release|Any CPU.ActiveCfg = Release|Any CPU
		{9B55585E-AD97-43C9-9BA4-F395CC77E1D5}.Release|Any CPU.Build.0 = Release|Any CPU
		{D280FD5F-7F9E-4954-8042-D40EC3B3E26F}.Debug|Any CPU.ActiveCfg = Debug|Any CPU
		{D280FD5F-7F9E-4954-8042-D40EC3B3E26F}.Debug|Any CPU.Build.0 = Debug|Any CPU
		{D280FD5F-7F9E-4954-8042-D40EC3B3E26F}.Release|Any CPU.ActiveCfg = Release|Any CPU
		{D280FD5F-7F9E-4954-8042-D40EC3B3E26F}.Release|Any CPU.Build.0 = Release|Any CPU
		{0C206EA9-E16D-4ED9-903E-8791ED9871D6}.Debug|Any CPU.ActiveCfg = Debug|Any CPU
		{0C206EA9-E16D-4ED9-903E-8791ED9871D6}.Debug|Any CPU.Build.0 = Debug|Any CPU
		{0C206EA9-E16D-4ED9-903E-8791ED9871D6}.Release|Any CPU.ActiveCfg = Release|Any CPU
		{0C206EA9-E16D-4ED9-903E-8791ED9871D6}.Release|Any CPU.Build.0 = Release|Any CPU
		{D238737C-61DA-4412-B7AE-F0596D2AA330}.Debug|Any CPU.ActiveCfg = Debug|Any CPU
		{D238737C-61DA-4412-B7AE-F0596D2AA330}.Debug|Any CPU.Build.0 = Debug|Any CPU
		{D238737C-61DA-4412-B7AE-F0596D2AA330}.Release|Any CPU.ActiveCfg = Release|Any CPU
		{D238737C-61DA-4412-B7AE-F0596D2AA330}.Release|Any CPU.Build.0 = Release|Any CPU
	EndGlobalSection
	GlobalSection(SolutionProperties) = preSolution
		HideSolutionNode = FALSE
	EndGlobalSection
	GlobalSection(ExtensibilityGlobals) = postSolution
		SolutionGuid = {E7F738C2-4120-49BA-BC8E-5BAD56A59D4B}
	EndGlobalSection
EndGlobal
